Microsoft Visual Studio Solution File, Format Version 11.00
# Visual Studio 2008

Project("{F60F2813-6CD1-BBFB-A180-CF201E86AB90}") = "InterstellarBattle1.01-02102017", "Assembly-CSharp.csproj", "{39D0C015-D22C-B9D7-0C16-A033F7757092}"
EndProject
Global
	GlobalSection(SolutionConfigurationPlatforms) = preSolution
		Debug|Any CPU = Debug|Any CPU
		Release|Any CPU = Release|Any CPU
	EndGlobalSection
	GlobalSection(ProjectConfigurationPlatforms) = postSolution
		{39D0C015-D22C-B9D7-0C16-A033F7757092}.Debug|Any CPU.ActiveCfg = Debug|Any CPU
		{39D0C015-D22C-B9D7-0C16-A033F7757092}.Debug|Any CPU.Build.0 = Debug|Any CPU
		{39D0C015-D22C-B9D7-0C16-A033F7757092}.Release|Any CPU.ActiveCfg = Release|Any CPU
		{39D0C015-D22C-B9D7-0C16-A033F7757092}.Release|Any CPU.Build.0 = Release|Any CPU
	EndGlobalSection
	GlobalSection(SolutionProperties) = preSolution
		HideSolutionNode = FALSE
	EndGlobalSection
	GlobalSection(MonoDevelopProperties) = preSolution
		StartupItem = Assembly-CSharp.csproj
	EndGlobalSection
EndGlobal
