
Microsoft Visual Studio Solution File, Format Version 11.00
# Visual Studio 2010
Project("{FAE04EC0-301F-11D3-BF4B-00C04F79EFBC}") = "InterstellarBattle1.0-03142017 9.52.13 AM", "Assembly-CSharp.csproj", "{12091C45-A018-AE09-E21A-A7D4996F1F07}"
EndProject
Global
	GlobalSection(SolutionConfigurationPlatforms) = preSolution
		Debug|Any CPU = Debug|Any CPU
		Release|Any CPU = Release|Any CPU
	EndGlobalSection
	GlobalSection(ProjectConfigurationPlatforms) = postSolution
		{12091C45-A018-AE09-E21A-A7D4996F1F07}.Debug|Any CPU.ActiveCfg = Debug|Any CPU
		{12091C45-A018-AE09-E21A-A7D4996F1F07}.Debug|Any CPU.Build.0 = Debug|Any CPU
		{12091C45-A018-AE09-E21A-A7D4996F1F07}.Release|Any CPU.ActiveCfg = Release|Any CPU
		{12091C45-A018-AE09-E21A-A7D4996F1F07}.Release|Any CPU.Build.0 = Release|Any CPU
	EndGlobalSection
	GlobalSection(SolutionProperties) = preSolution
		HideSolutionNode = FALSE
	EndGlobalSection
	GlobalSection(MonoDevelopProperties) = preSolution
		StartupItem = Assembly-CSharp.csproj
	EndGlobalSection
EndGlobal
