
Microsoft Visual Studio Solution File, Format Version 12.00
# Visual Studio for Mac
Project("{FAE04EC0-301F-11D3-BF4B-00C04F79EFBC}") = "InterstellarWar", "Assembly-CSharp.csproj", "{3C8A84C9-EFD9-03BE-4F1B-DD766EC654C5}"
EndProject
Project("{FAE04EC0-301F-11D3-BF4B-00C04F79EFBC}") = "InterstellarWar", "Assembly-CSharp-firstpass.csproj", "{ED484B15-AFFC-97FC-ADB5-10210BE4962D}"
EndProject
Project("{FAE04EC0-301F-11D3-BF4B-00C04F79EFBC}") = "InterstellarWar", "Assembly-CSharp-Editor-firstpass.csproj", "{B34E3F41-DB72-F4B8-F6F0-8E36D692A58E}"
EndProject
Global
	GlobalSection(SolutionConfigurationPlatforms) = preSolution
		Debug|Any CPU = Debug|Any CPU
		Release|Any CPU = Release|Any CPU
	EndGlobalSection
	GlobalSection(ProjectConfigurationPlatforms) = postSolution
		{3C8A84C9-EFD9-03BE-4F1B-DD766EC654C5}.Debug|Any CPU.ActiveCfg = Debug|Any CPU
		{3C8A84C9-EFD9-03BE-4F1B-DD766EC654C5}.Debug|Any CPU.Build.0 = Debug|Any CPU
		{3C8A84C9-EFD9-03BE-4F1B-DD766EC654C5}.Release|Any CPU.ActiveCfg = Release|Any CPU
		{3C8A84C9-EFD9-03BE-4F1B-DD766EC654C5}.Release|Any CPU.Build.0 = Release|Any CPU
		{ED484B15-AFFC-97FC-ADB5-10210BE4962D}.Debug|Any CPU.ActiveCfg = Debug|Any CPU
		{ED484B15-AFFC-97FC-ADB5-10210BE4962D}.Debug|Any CPU.Build.0 = Debug|Any CPU
		{ED484B15-AFFC-97FC-ADB5-10210BE4962D}.Release|Any CPU.ActiveCfg = Release|Any CPU
		{ED484B15-AFFC-97FC-ADB5-10210BE4962D}.Release|Any CPU.Build.0 = Release|Any CPU
		{B34E3F41-DB72-F4B8-F6F0-8E36D692A58E}.Debug|Any CPU.ActiveCfg = Debug|Any CPU
		{B34E3F41-DB72-F4B8-F6F0-8E36D692A58E}.Debug|Any CPU.Build.0 = Debug|Any CPU
		{B34E3F41-DB72-F4B8-F6F0-8E36D692A58E}.Release|Any CPU.ActiveCfg = Release|Any CPU
		{B34E3F41-DB72-F4B8-F6F0-8E36D692A58E}.Release|Any CPU.Build.0 = Release|Any CPU
	EndGlobalSection
	GlobalSection(SolutionProperties) = preSolution
		HideSolutionNode = FALSE
	EndGlobalSection
EndGlobal
