
Microsoft Visual Studio Solution File, Format Version 11.00
# Visual Studio 2010
Project("{FAE04EC0-301F-11D3-BF4B-00C04F79EFBC}") = "InterstellarBattle1.0-08282017", "Assembly-CSharp.csproj", "{C6DFBE21-D4DC-AF20-591A-E6FD2639C54A}"
EndProject
Project("{FAE04EC0-301F-11D3-BF4B-00C04F79EFBC}") = "InterstellarBattle1.0-08282017", "Assembly-CSharp-firstpass.csproj", "{9432BFCF-73B0-EFDB-A51D-66BAB70C9173}"
EndProject
Project("{FAE04EC0-301F-11D3-BF4B-00C04F79EFBC}") = "InterstellarBattle1.0-08282017", "Assembly-CSharp-Editor-firstpass.csproj", "{7F23BDEF-08B4-A24C-6A7A-EC3E2B6C49EB}"
EndProject
Global
	GlobalSection(SolutionConfigurationPlatforms) = preSolution
		Debug|Any CPU = Debug|Any CPU
		Release|Any CPU = Release|Any CPU
	EndGlobalSection
	GlobalSection(ProjectConfigurationPlatforms) = postSolution
		{C6DFBE21-D4DC-AF20-591A-E6FD2639C54A}.Debug|Any CPU.ActiveCfg = Debug|Any CPU
		{C6DFBE21-D4DC-AF20-591A-E6FD2639C54A}.Debug|Any CPU.Build.0 = Debug|Any CPU
		{C6DFBE21-D4DC-AF20-591A-E6FD2639C54A}.Release|Any CPU.ActiveCfg = Release|Any CPU
		{C6DFBE21-D4DC-AF20-591A-E6FD2639C54A}.Release|Any CPU.Build.0 = Release|Any CPU
		{9432BFCF-73B0-EFDB-A51D-66BAB70C9173}.Debug|Any CPU.ActiveCfg = Debug|Any CPU
		{9432BFCF-73B0-EFDB-A51D-66BAB70C9173}.Debug|Any CPU.Build.0 = Debug|Any CPU
		{9432BFCF-73B0-EFDB-A51D-66BAB70C9173}.Release|Any CPU.ActiveCfg = Release|Any CPU
		{9432BFCF-73B0-EFDB-A51D-66BAB70C9173}.Release|Any CPU.Build.0 = Release|Any CPU
		{7F23BDEF-08B4-A24C-6A7A-EC3E2B6C49EB}.Debug|Any CPU.ActiveCfg = Debug|Any CPU
		{7F23BDEF-08B4-A24C-6A7A-EC3E2B6C49EB}.Debug|Any CPU.Build.0 = Debug|Any CPU
		{7F23BDEF-08B4-A24C-6A7A-EC3E2B6C49EB}.Release|Any CPU.ActiveCfg = Release|Any CPU
		{7F23BDEF-08B4-A24C-6A7A-EC3E2B6C49EB}.Release|Any CPU.Build.0 = Release|Any CPU
	EndGlobalSection
	GlobalSection(SolutionProperties) = preSolution
		HideSolutionNode = FALSE
	EndGlobalSection
	GlobalSection(MonoDevelopProperties) = preSolution
		StartupItem = Assembly-CSharp.csproj
	EndGlobalSection
EndGlobal
