
Microsoft Visual Studio Solution File, Format Version 12.00
# Visual Studio for Mac
Project("{FAE04EC0-301F-11D3-BF4B-00C04F79EFBC}") = "Assembly-CSharp", "Assembly-CSharp.csproj", "{9BDF2B36-934E-07A8-C9DA-CC0B8894563C}"
EndProject
Project("{FAE04EC0-301F-11D3-BF4B-00C04F79EFBC}") = "Assembly-CSharp-firstpass", "Assembly-CSharp-firstpass.csproj", "{7795455A-93DF-009A-E62F-6AE4EF615B62}"
EndProject
Project("{FAE04EC0-301F-11D3-BF4B-00C04F79EFBC}") = "Assembly-CSharp-Editor-firstpass", "Assembly-CSharp-Editor-firstpass.csproj", "{069ACEDB-1E0A-617D-EA30-248D9DF3E409}"
EndProject
Global
	GlobalSection(SolutionConfigurationPlatforms) = preSolution
		Debug|Any CPU = Debug|Any CPU
		Release|Any CPU = Release|Any CPU
	EndGlobalSection
	GlobalSection(ProjectConfigurationPlatforms) = postSolution
		{9BDF2B36-934E-07A8-C9DA-CC0B8894563C}.Debug|Any CPU.ActiveCfg = Debug|Any CPU
		{9BDF2B36-934E-07A8-C9DA-CC0B8894563C}.Debug|Any CPU.Build.0 = Debug|Any CPU
		{9BDF2B36-934E-07A8-C9DA-CC0B8894563C}.Release|Any CPU.ActiveCfg = Release|Any CPU
		{9BDF2B36-934E-07A8-C9DA-CC0B8894563C}.Release|Any CPU.Build.0 = Release|Any CPU
		{7795455A-93DF-009A-E62F-6AE4EF615B62}.Debug|Any CPU.ActiveCfg = Debug|Any CPU
		{7795455A-93DF-009A-E62F-6AE4EF615B62}.Debug|Any CPU.Build.0 = Debug|Any CPU
		{7795455A-93DF-009A-E62F-6AE4EF615B62}.Release|Any CPU.ActiveCfg = Release|Any CPU
		{7795455A-93DF-009A-E62F-6AE4EF615B62}.Release|Any CPU.Build.0 = Release|Any CPU
		{069ACEDB-1E0A-617D-EA30-248D9DF3E409}.Debug|Any CPU.ActiveCfg = Debug|Any CPU
		{069ACEDB-1E0A-617D-EA30-248D9DF3E409}.Debug|Any CPU.Build.0 = Debug|Any CPU
		{069ACEDB-1E0A-617D-EA30-248D9DF3E409}.Release|Any CPU.ActiveCfg = Release|Any CPU
		{069ACEDB-1E0A-617D-EA30-248D9DF3E409}.Release|Any CPU.Build.0 = Release|Any CPU
	EndGlobalSection
	GlobalSection(SolutionProperties) = preSolution
		HideSolutionNode = FALSE
	EndGlobalSection
EndGlobal
