
Microsoft Visual Studio Solution File, Format Version 11.00
# Visual Studio 2010
Project("{FAE04EC0-301F-11D3-BF4B-00C04F79EFBC}") = "InterstellarBattle1.0-11082017", "Assembly-CSharp.csproj", "{C51CA55B-E7F6-4D24-3B9F-052434935195}"
EndProject
Project("{FAE04EC0-301F-11D3-BF4B-00C04F79EFBC}") = "InterstellarBattle1.0-11082017", "Assembly-CSharp-firstpass.csproj", "{80BEDEC5-35BF-8F19-7951-8466A59B9765}"
EndProject
Project("{FAE04EC0-301F-11D3-BF4B-00C04F79EFBC}") = "InterstellarBattle1.0-11082017", "Assembly-CSharp-Editor-firstpass.csproj", "{C823EF3D-E6FB-1C4C-A94F-1AEB4ADC94E2}"
EndProject
Global
	GlobalSection(SolutionConfigurationPlatforms) = preSolution
		Debug|Any CPU = Debug|Any CPU
		Release|Any CPU = Release|Any CPU
	EndGlobalSection
	GlobalSection(ProjectConfigurationPlatforms) = postSolution
		{C51CA55B-E7F6-4D24-3B9F-052434935195}.Debug|Any CPU.ActiveCfg = Debug|Any CPU
		{C51CA55B-E7F6-4D24-3B9F-052434935195}.Debug|Any CPU.Build.0 = Debug|Any CPU
		{C51CA55B-E7F6-4D24-3B9F-052434935195}.Release|Any CPU.ActiveCfg = Release|Any CPU
		{C51CA55B-E7F6-4D24-3B9F-052434935195}.Release|Any CPU.Build.0 = Release|Any CPU
		{80BEDEC5-35BF-8F19-7951-8466A59B9765}.Debug|Any CPU.ActiveCfg = Debug|Any CPU
		{80BEDEC5-35BF-8F19-7951-8466A59B9765}.Debug|Any CPU.Build.0 = Debug|Any CPU
		{80BEDEC5-35BF-8F19-7951-8466A59B9765}.Release|Any CPU.ActiveCfg = Release|Any CPU
		{80BEDEC5-35BF-8F19-7951-8466A59B9765}.Release|Any CPU.Build.0 = Release|Any CPU
		{C823EF3D-E6FB-1C4C-A94F-1AEB4ADC94E2}.Debug|Any CPU.ActiveCfg = Debug|Any CPU
		{C823EF3D-E6FB-1C4C-A94F-1AEB4ADC94E2}.Debug|Any CPU.Build.0 = Debug|Any CPU
		{C823EF3D-E6FB-1C4C-A94F-1AEB4ADC94E2}.Release|Any CPU.ActiveCfg = Release|Any CPU
		{C823EF3D-E6FB-1C4C-A94F-1AEB4ADC94E2}.Release|Any CPU.Build.0 = Release|Any CPU
	EndGlobalSection
	GlobalSection(SolutionProperties) = preSolution
		HideSolutionNode = FALSE
	EndGlobalSection
	GlobalSection(MonoDevelopProperties) = preSolution
		StartupItem = Assembly-CSharp.csproj
	EndGlobalSection
EndGlobal
