
Microsoft Visual Studio Solution File, Format Version 11.00
# Visual Studio 2010
Project("{FAE04EC0-301F-11D3-BF4B-00C04F79EFBC}") = "InterstellarBattle1.0-09132017", "Assembly-CSharp.csproj", "{69F5E9E1-5A7F-0D55-75A8-FA1AF4884C93}"
EndProject
Project("{FAE04EC0-301F-11D3-BF4B-00C04F79EFBC}") = "InterstellarBattle1.0-09132017", "Assembly-CSharp-firstpass.csproj", "{79B9D25C-9AFE-FD8D-E638-D4548A52905D}"
EndProject
Project("{FAE04EC0-301F-11D3-BF4B-00C04F79EFBC}") = "InterstellarBattle1.0-09132017", "Assembly-CSharp-Editor-firstpass.csproj", "{090C2CCC-2B1B-A5BD-C04B-1F28236471AA}"
EndProject
Global
	GlobalSection(SolutionConfigurationPlatforms) = preSolution
		Debug|Any CPU = Debug|Any CPU
		Release|Any CPU = Release|Any CPU
	EndGlobalSection
	GlobalSection(ProjectConfigurationPlatforms) = postSolution
		{69F5E9E1-5A7F-0D55-75A8-FA1AF4884C93}.Debug|Any CPU.ActiveCfg = Debug|Any CPU
		{69F5E9E1-5A7F-0D55-75A8-FA1AF4884C93}.Debug|Any CPU.Build.0 = Debug|Any CPU
		{69F5E9E1-5A7F-0D55-75A8-FA1AF4884C93}.Release|Any CPU.ActiveCfg = Release|Any CPU
		{69F5E9E1-5A7F-0D55-75A8-FA1AF4884C93}.Release|Any CPU.Build.0 = Release|Any CPU
		{79B9D25C-9AFE-FD8D-E638-D4548A52905D}.Debug|Any CPU.ActiveCfg = Debug|Any CPU
		{79B9D25C-9AFE-FD8D-E638-D4548A52905D}.Debug|Any CPU.Build.0 = Debug|Any CPU
		{79B9D25C-9AFE-FD8D-E638-D4548A52905D}.Release|Any CPU.ActiveCfg = Release|Any CPU
		{79B9D25C-9AFE-FD8D-E638-D4548A52905D}.Release|Any CPU.Build.0 = Release|Any CPU
		{090C2CCC-2B1B-A5BD-C04B-1F28236471AA}.Debug|Any CPU.ActiveCfg = Debug|Any CPU
		{090C2CCC-2B1B-A5BD-C04B-1F28236471AA}.Debug|Any CPU.Build.0 = Debug|Any CPU
		{090C2CCC-2B1B-A5BD-C04B-1F28236471AA}.Release|Any CPU.ActiveCfg = Release|Any CPU
		{090C2CCC-2B1B-A5BD-C04B-1F28236471AA}.Release|Any CPU.Build.0 = Release|Any CPU
	EndGlobalSection
	GlobalSection(SolutionProperties) = preSolution
		HideSolutionNode = FALSE
	EndGlobalSection
	GlobalSection(MonoDevelopProperties) = preSolution
		StartupItem = Assembly-CSharp.csproj
	EndGlobalSection
EndGlobal
